
Microsoft Visual Studio Solution File, Format Version 12.00
# Visual Studio Version 16
VisualStudioVersion = 16.0.30309.148
MinimumVisualStudioVersion = 10.0.40219.1
Project("{FAE04EC0-301F-11D3-BF4B-00C04F79EFBC}") = "Vidly", "Vidly\Vidly.csproj", "{9666A893-8CA1-42B6-9923-B1CD7350C52B}"
EndProject
Project("{FAE04EC0-301F-11D3-BF4B-00C04F79EFBC}") = "VidlyCore", "VidlyCore\VidlyCore.csproj", "{429B89B2-5538-463D-AE0E-FB7ADD6C96A0}"
EndProject
Global
	GlobalSection(SolutionConfigurationPlatforms) = preSolution
		Debug|Any CPU = Debug|Any CPU
		Release|Any CPU = Release|Any CPU
	EndGlobalSection
	GlobalSection(ProjectConfigurationPlatforms) = postSolution
		{9666A893-8CA1-42B6-9923-B1CD7350C52B}.Debug|Any CPU.ActiveCfg = Debug|Any CPU
		{9666A893-8CA1-42B6-9923-B1CD7350C52B}.Debug|Any CPU.Build.0 = Debug|Any CPU
		{9666A893-8CA1-42B6-9923-B1CD7350C52B}.Release|Any CPU.ActiveCfg = Release|Any CPU
		{9666A893-8CA1-42B6-9923-B1CD7350C52B}.Release|Any CPU.Build.0 = Release|Any CPU
		{429B89B2-5538-463D-AE0E-FB7ADD6C96A0}.Debug|Any CPU.ActiveCfg = Debug|Any CPU
		{429B89B2-5538-463D-AE0E-FB7ADD6C96A0}.Debug|Any CPU.Build.0 = Debug|Any CPU
		{429B89B2-5538-463D-AE0E-FB7ADD6C96A0}.Release|Any CPU.ActiveCfg = Release|Any CPU
		{429B89B2-5538-463D-AE0E-FB7ADD6C96A0}.Release|Any CPU.Build.0 = Release|Any CPU
	EndGlobalSection
	GlobalSection(SolutionProperties) = preSolution
		HideSolutionNode = FALSE
	EndGlobalSection
	GlobalSection(ExtensibilityGlobals) = postSolution
		SolutionGuid = {792F4F34-1EA4-476E-90F4-93144CACC559}
	EndGlobalSection
EndGlobal
